
Microsoft Visual Studio Solution File, Format Version 12.00
# Visual Studio 15
VisualStudioVersion = 15.0.26124.0
MinimumVisualStudioVersion = 15.0.26124.0
Project("{9A19103F-16F7-4668-BE54-9A1E7A4F7556}") = "Microsoft.AspNetCore.Blazor.Electron.JS", "src\Microsoft.AspNetCore.Blazor.Electron.JS\Microsoft.AspNetCore.Blazor.Electron.JS.csproj", "{A11DE2A0-A694-4396-B277-D3FF926ABD83}"
EndProject
Project("{9A19103F-16F7-4668-BE54-9A1E7A4F7556}") = "Microsoft.AspNetCore.Blazor.Electron", "src\Microsoft.AspNetCore.Blazor.Electron\Microsoft.AspNetCore.Blazor.Electron.csproj", "{DAFE23D2-8BA2-4E69-8288-92EC6E52D006}"
EndProject
Project("{2150E333-8FDC-42A3-9474-1A3956D46DE8}") = "sample", "sample", "{A4DFBCA5-EA6F-4EE6-8266-FBB4886683E6}"
EndProject
Project("{FAE04EC0-301F-11D3-BF4B-00C04F79EFBC}") = "BlectronSample", "samples\BlectronSample\BlectronSample.csproj", "{122C962E-3747-4BC1-BDB5-01B466DFE299}"
EndProject
Global
	GlobalSection(SolutionConfigurationPlatforms) = preSolution
		Debug|Any CPU = Debug|Any CPU
		Debug|x64 = Debug|x64
		Debug|x86 = Debug|x86
		Release|Any CPU = Release|Any CPU
		Release|x64 = Release|x64
		Release|x86 = Release|x86
	EndGlobalSection
	GlobalSection(ProjectConfigurationPlatforms) = postSolution
		{A11DE2A0-A694-4396-B277-D3FF926ABD83}.Debug|Any CPU.ActiveCfg = Debug|Any CPU
		{A11DE2A0-A694-4396-B277-D3FF926ABD83}.Debug|Any CPU.Build.0 = Debug|Any CPU
		{A11DE2A0-A694-4396-B277-D3FF926ABD83}.Debug|x64.ActiveCfg = Debug|Any CPU
		{A11DE2A0-A694-4396-B277-D3FF926ABD83}.Debug|x64.Build.0 = Debug|Any CPU
		{A11DE2A0-A694-4396-B277-D3FF926ABD83}.Debug|x86.ActiveCfg = Debug|Any CPU
		{A11DE2A0-A694-4396-B277-D3FF926ABD83}.Debug|x86.Build.0 = Debug|Any CPU
		{A11DE2A0-A694-4396-B277-D3FF926ABD83}.Release|Any CPU.ActiveCfg = Release|Any CPU
		{A11DE2A0-A694-4396-B277-D3FF926ABD83}.Release|Any CPU.Build.0 = Release|Any CPU
		{A11DE2A0-A694-4396-B277-D3FF926ABD83}.Release|x64.ActiveCfg = Release|Any CPU
		{A11DE2A0-A694-4396-B277-D3FF926ABD83}.Release|x64.Build.0 = Release|Any CPU
		{A11DE2A0-A694-4396-B277-D3FF926ABD83}.Release|x86.ActiveCfg = Release|Any CPU
		{A11DE2A0-A694-4396-B277-D3FF926ABD83}.Release|x86.Build.0 = Release|Any CPU
		{DAFE23D2-8BA2-4E69-8288-92EC6E52D006}.Debug|Any CPU.ActiveCfg = Debug|Any CPU
		{DAFE23D2-8BA2-4E69-8288-92EC6E52D006}.Debug|Any CPU.Build.0 = Debug|Any CPU
		{DAFE23D2-8BA2-4E69-8288-92EC6E52D006}.Debug|x64.ActiveCfg = Debug|Any CPU
		{DAFE23D2-8BA2-4E69-8288-92EC6E52D006}.Debug|x64.Build.0 = Debug|Any CPU
		{DAFE23D2-8BA2-4E69-8288-92EC6E52D006}.Debug|x86.ActiveCfg = Debug|Any CPU
		{DAFE23D2-8BA2-4E69-8288-92EC6E52D006}.Debug|x86.Build.0 = Debug|Any CPU
		{DAFE23D2-8BA2-4E69-8288-92EC6E52D006}.Release|Any CPU.ActiveCfg = Release|Any CPU
		{DAFE23D2-8BA2-4E69-8288-92EC6E52D006}.Release|Any CPU.Build.0 = Release|Any CPU
		{DAFE23D2-8BA2-4E69-8288-92EC6E52D006}.Release|x64.ActiveCfg = Release|Any CPU
		{DAFE23D2-8BA2-4E69-8288-92EC6E52D006}.Release|x64.Build.0 = Release|Any CPU
		{DAFE23D2-8BA2-4E69-8288-92EC6E52D006}.Release|x86.ActiveCfg = Release|Any CPU
		{DAFE23D2-8BA2-4E69-8288-92EC6E52D006}.Release|x86.Build.0 = Release|Any CPU
		{122C962E-3747-4BC1-BDB5-01B466DFE299}.Debug|Any CPU.ActiveCfg = Debug|Any CPU
		{122C962E-3747-4BC1-BDB5-01B466DFE299}.Debug|Any CPU.Build.0 = Debug|Any CPU
		{122C962E-3747-4BC1-BDB5-01B466DFE299}.Debug|x64.ActiveCfg = Debug|Any CPU
		{122C962E-3747-4BC1-BDB5-01B466DFE299}.Debug|x64.Build.0 = Debug|Any CPU
		{122C962E-3747-4BC1-BDB5-01B466DFE299}.Debug|x86.ActiveCfg = Debug|Any CPU
		{122C962E-3747-4BC1-BDB5-01B466DFE299}.Debug|x86.Build.0 = Debug|Any CPU
		{122C962E-3747-4BC1-BDB5-01B466DFE299}.Release|Any CPU.ActiveCfg = Release|Any CPU
		{122C962E-3747-4BC1-BDB5-01B466DFE299}.Release|Any CPU.Build.0 = Release|Any CPU
		{122C962E-3747-4BC1-BDB5-01B466DFE299}.Release|x64.ActiveCfg = Release|Any CPU
		{122C962E-3747-4BC1-BDB5-01B466DFE299}.Release|x64.Build.0 = Release|Any CPU
		{122C962E-3747-4BC1-BDB5-01B466DFE299}.Release|x86.ActiveCfg = Release|Any CPU
		{122C962E-3747-4BC1-BDB5-01B466DFE299}.Release|x86.Build.0 = Release|Any CPU
	EndGlobalSection
	GlobalSection(SolutionProperties) = preSolution
		HideSolutionNode = FALSE
	EndGlobalSection
	GlobalSection(NestedProjects) = preSolution
		{122C962E-3747-4BC1-BDB5-01B466DFE299} = {A4DFBCA5-EA6F-4EE6-8266-FBB4886683E6}
	EndGlobalSection
	GlobalSection(ExtensibilityGlobals) = postSolution
		SolutionGuid = {F8F30165-8D1E-4AD5-986E-2814D772FDAA}
	EndGlobalSection
EndGlobal
